
Microsoft Visual Studio Solution File, Format Version 11.00
# Visual C# Express 2010
Project("{FAE04EC0-301F-11D3-BF4B-00C04F79EFBC}") = "Astar", "Astar\Astar\Astar.csproj", "{E11C072A-966D-45A0-BFE8-56C2CDA7F63A}"
EndProject
Project("{96E2B04D-8817-42C6-938A-82C39BA4D311}") = "AstarContent", "Astar\AstarContent\AstarContent.contentproj", "{C56B6E8D-A0CC-409A-B451-0938E81D6C34}"
EndProject
Global
	GlobalSection(SolutionConfigurationPlatforms) = preSolution
		Debug|x86 = Debug|x86
		Release|x86 = Release|x86
	EndGlobalSection
	GlobalSection(ProjectConfigurationPlatforms) = postSolution
		{E11C072A-966D-45A0-BFE8-56C2CDA7F63A}.Debug|x86.ActiveCfg = Debug|x86
		{E11C072A-966D-45A0-BFE8-56C2CDA7F63A}.Debug|x86.Build.0 = Debug|x86
		{E11C072A-966D-45A0-BFE8-56C2CDA7F63A}.Release|x86.ActiveCfg = Release|x86
		{E11C072A-966D-45A0-BFE8-56C2CDA7F63A}.Release|x86.Build.0 = Release|x86
		{C56B6E8D-A0CC-409A-B451-0938E81D6C34}.Debug|x86.ActiveCfg = Debug|x86
		{C56B6E8D-A0CC-409A-B451-0938E81D6C34}.Release|x86.ActiveCfg = Release|x86
	EndGlobalSection
	GlobalSection(SolutionProperties) = preSolution
		HideSolutionNode = FALSE
	EndGlobalSection
EndGlobal
